{
  "nodes": {
    "devshell": {
      "inputs": {
        "flake-utils": "flake-utils",
        "nixpkgs": "nixpkgs"
      },
      "locked": {
        "lastModified": 1655976588,
        "narHash": "sha256-VreHyH6ITkf/1EX/8h15UqhddJnUleb0HgbC3gMkAEQ=",
        "owner": "numtide",
        "repo": "devshell",
        "rev": "899ca4629020592a13a46783587f6e674179d1db",
        "type": "github"
      },
      "original": {
        "owner": "numtide",
        "repo": "devshell",
        "type": "github"
      }
    },
    "devshell_2": {
      "inputs": {
        "flake-utils": "flake-utils_3",
        "nixpkgs": "nixpkgs_3"
      },
      "locked": {
        "lastModified": 1653917170,
        "narHash": "sha256-FyxOnEE/V4PNEcMU62ikY4FfYPo349MOhMM97HS0XEo=",
        "owner": "numtide",
        "repo": "devshell",
        "rev": "fc7a3e3adde9bbcab68af6d1e3c6eb738e296a92",
        "type": "github"
      },
      "original": {
        "owner": "numtide",
        "repo": "devshell",
        "type": "github"
      }
    },
    "flake-compat": {
      "flake": false,
      "locked": {
        "lastModified": 1650374568,
        "narHash": "sha256-Z+s0J8/r907g149rllvwhb4pKi8Wam5ij0st8PwAh+E=",
        "owner": "edolstra",
        "repo": "flake-compat",
        "rev": "b4a34015c698c7793d592d66adbab377907a2be8",
        "type": "github"
      },
      "original": {
        "owner": "edolstra",
        "repo": "flake-compat",
        "type": "github"
      }
    },
    "flake-compat_2": {
      "flake": false,
      "locked": {
        "lastModified": 1650374568,
        "narHash": "sha256-Z+s0J8/r907g149rllvwhb4pKi8Wam5ij0st8PwAh+E=",
        "owner": "edolstra",
        "repo": "flake-compat",
        "rev": "b4a34015c698c7793d592d66adbab377907a2be8",
        "type": "github"
      },
      "original": {
        "owner": "edolstra",
        "repo": "flake-compat",
        "type": "github"
      }
    },
    "flake-utils": {
      "locked": {
        "lastModified": 1642700792,
        "narHash": "sha256-XqHrk7hFb+zBvRg6Ghl+AZDq03ov6OshJLiSWOoX5es=",
        "owner": "numtide",
        "repo": "flake-utils",
        "rev": "846b2ae0fc4cc943637d3d1def4454213e203cba",
        "type": "github"
      },
      "original": {
        "owner": "numtide",
        "repo": "flake-utils",
        "type": "github"
      }
    },
    "flake-utils_2": {
      "locked": {
        "lastModified": 1656065134,
        "narHash": "sha256-oc6E6ByIw3oJaIyc67maaFcnjYOz1mMcOtHxbEf9NwQ=",
        "owner": "numtide",
        "repo": "flake-utils",
        "rev": "bee6a7250dd1b01844a2de7e02e4df7d8a0a206c",
        "type": "github"
      },
      "original": {
        "owner": "numtide",
        "repo": "flake-utils",
        "type": "github"
      }
    },
    "flake-utils_3": {
      "locked": {
        "lastModified": 1653893745,
        "narHash": "sha256-0jntwV3Z8//YwuOjzhV2sgJJPt+HY6KhU7VZUL0fKZQ=",
        "owner": "numtide",
        "repo": "flake-utils",
        "rev": "1ed9fb1935d260de5fe1c2f7ee0ebaae17ed2fa1",
        "type": "github"
      },
      "original": {
        "owner": "numtide",
        "repo": "flake-utils",
        "type": "github"
      }
    },
    "flake-utils_4": {
      "locked": {
        "lastModified": 1653893745,
        "narHash": "sha256-0jntwV3Z8//YwuOjzhV2sgJJPt+HY6KhU7VZUL0fKZQ=",
        "owner": "numtide",
        "repo": "flake-utils",
        "rev": "1ed9fb1935d260de5fe1c2f7ee0ebaae17ed2fa1",
        "type": "github"
      },
      "original": {
        "owner": "numtide",
        "repo": "flake-utils",
        "type": "github"
      }
    },
    "nixpkgs": {
      "locked": {
        "lastModified": 1643381941,
        "narHash": "sha256-pHTwvnN4tTsEKkWlXQ8JMY423epos8wUOhthpwJjtpc=",
        "owner": "NixOS",
        "repo": "nixpkgs",
        "rev": "5efc8ca954272c4376ac929f4c5ffefcc20551d5",
        "type": "github"
      },
      "original": {
        "owner": "NixOS",
        "ref": "nixpkgs-unstable",
        "repo": "nixpkgs",
        "type": "github"
      }
    },
    "nixpkgs_2": {
      "locked": {
        "lastModified": 1655983783,
        "narHash": "sha256-0h1FzkYWei24IdKNpCX93onkF/FMiXQG8SdEbTc0r8A=",
        "owner": "nixos",
        "repo": "nixpkgs",
        "rev": "6141b8932a5cf376fe18fcd368cecd9ad946cb68",
        "type": "github"
      },
      "original": {
        "owner": "nixos",
        "ref": "nixos-unstable",
        "repo": "nixpkgs",
        "type": "github"
      }
    },
    "nixpkgs_3": {
      "locked": {
        "lastModified": 1654398695,
        "narHash": "sha256-Kw/KeoFXszNsF5mORP45mrxCP+k9Aq03hWcuWCL9sdI=",
        "owner": "NixOS",
        "repo": "nixpkgs",
        "rev": "c5d810f4c74c824ae0fb788103003c6c9d366a08",
        "type": "github"
      },
      "original": {
        "owner": "NixOS",
        "ref": "nixpkgs-unstable",
        "repo": "nixpkgs",
        "type": "github"
      }
    },
    "nixpkgs_4": {
      "locked": {
        "lastModified": 1654230545,
        "narHash": "sha256-8Vlwf0x8ow6pPOK2a04bT+pxIeRnM1+O0Xv9/CuDzRs=",
        "owner": "nixos",
        "repo": "nixpkgs",
        "rev": "236cc2971ac72acd90f0ae3a797f9f83098b17ec",
        "type": "github"
      },
      "original": {
        "owner": "nixos",
        "ref": "nixos-unstable",
        "repo": "nixpkgs",
        "type": "github"
      }
    },
    "root": {
      "inputs": {
        "devshell": "devshell",
        "flake-compat": "flake-compat",
        "flake-utils": "flake-utils_2",
        "nixpkgs": "nixpkgs_2",
        "satysfi": "satysfi",
        "satysfi-algorithm": "satysfi-algorithm",
        "satysfi-azmath": "satysfi-azmath",
        "satysfi-base": "satysfi-base",
        "satysfi-bibyfi": "satysfi-bibyfi",
        "satysfi-chemfml": "satysfi-chemfml",
        "satysfi-class-slydifi": "satysfi-class-slydifi",
        "satysfi-code-printer": "satysfi-code-printer",
        "satysfi-derive": "satysfi-derive",
        "satysfi-easytable": "satysfi-easytable",
        "satysfi-enumitem": "satysfi-enumitem",
        "satysfi-figbox": "satysfi-figbox",
        "satysfi-fonts-junicode": "satysfi-fonts-junicode",
        "satysfi-fss": "satysfi-fss",
        "satysfi-railway": "satysfi-railway",
        "satysfi-ruby": "satysfi-ruby",
        "satysfi-tools": "satysfi-tools",
        "satysfi-uline": "satysfi-uline"
      }
    },
    "satysfi": {
      "flake": false,
      "locked": {
        "lastModified": 1653979685,
        "narHash": "sha256-fROHHrjbO+SAr1ONntTB3lDH+cDLuG/Uq9lgVmhQWUc=",
        "owner": "gfngfn",
        "repo": "SATySFi",
        "rev": "133dcfb244774db14c19241bc85fc4186c297c89",
        "type": "github"
      },
      "original": {
        "owner": "gfngfn",
        "repo": "SATySFi",
        "type": "github"
      }
    },
    "satysfi-algorithm": {
      "flake": false,
      "locked": {
        "lastModified": 1653060170,
        "narHash": "sha256-q6am7go4fNLfQVnupX0wav1esZGq0UG/UG/j5J6UfCQ=",
        "owner": "pickoba",
        "repo": "satysfi-algorithm",
        "rev": "4fd8d4d3a0f1576929a890ca5aa68d54b85fe91e",
        "type": "github"
      },
      "original": {
        "owner": "pickoba",
        "repo": "satysfi-algorithm",
        "type": "github"
      }
    },
    "satysfi-azmath": {
      "flake": false,
      "locked": {
        "lastModified": 1652616966,
        "narHash": "sha256-PGSyDXfxpB+ayAF46R1E+llnX8OllkiEzyscsN0qw9s=",
        "owner": "monaqa",
        "repo": "satysfi-azmath",
        "rev": "67bf1e0ad09d47c0211516c91f8746f45165edf7",
        "type": "github"
      },
      "original": {
        "owner": "monaqa",
        "repo": "satysfi-azmath",
        "type": "github"
      }
    },
    "satysfi-base": {
      "flake": false,
      "locked": {
        "lastModified": 1643503102,
        "narHash": "sha256-nPsuVsYmo3d1XrQFoNuJ+PV5cMkJmFwGpeO8bcUZOEY=",
        "owner": "nyuichi",
        "repo": "satysfi-base",
        "rev": "603fedeea57816e1b33de488fe92effc45b4c625",
        "type": "github"
      },
      "original": {
        "owner": "nyuichi",
        "repo": "satysfi-base",
        "type": "github"
      }
    },
    "satysfi-bibyfi": {
      "flake": false,
      "locked": {
        "lastModified": 1590641889,
        "narHash": "sha256-ppX4i5924F/DTlSQmloXdGOeCaDMJJKq3M/NE2khVvA=",
        "owner": "namachan10777",
        "repo": "BiByFi",
        "rev": "fa9a91d8d9ee3853f56060494452bcfe3b690639",
        "type": "github"
      },
      "original": {
        "owner": "namachan10777",
        "repo": "BiByFi",
        "type": "github"
      }
    },
    "satysfi-chemfml": {
      "flake": false,
      "locked": {
        "lastModified": 1654260031,
        "narHash": "sha256-JPfcEN13NWDCtb9lyzdn9IB9/UoLVBukvqIosKOgk5k=",
        "owner": "gw31415",
        "repo": "satysfi-chemfml",
        "rev": "9bb2aeeebddacf68ccae38cf85f53dd5e9208ce5",
        "type": "github"
      },
      "original": {
        "owner": "gw31415",
        "repo": "satysfi-chemfml",
        "type": "github"
      }
    },
    "satysfi-class-slydifi": {
      "flake": false,
      "locked": {
        "lastModified": 1651152178,
        "narHash": "sha256-y/BfFZ8/Ytu9RWxW4S+WkKIF0qGum1W4V7gfKNzyfC0=",
        "owner": "monaqa",
        "repo": "slydifi",
        "rev": "e9d0f57c9e27c77888582eaa9ad8b9fd35a12828",
        "type": "github"
      },
      "original": {
        "owner": "monaqa",
        "repo": "slydifi",
        "type": "github"
      }
    },
    "satysfi-code-printer": {
      "flake": false,
      "locked": {
        "lastModified": 1653883806,
        "narHash": "sha256-QyA8XJKgZDQUEMyDfFJiDra9jYZ5+E3gYSdNTmTEYGw=",
        "owner": "puripuri2100",
        "repo": "satysfi-code-printer",
        "rev": "affa4d7a84a43a36e5388324fd3a3bd9e99da077",
        "type": "github"
      },
      "original": {
        "owner": "puripuri2100",
        "repo": "satysfi-code-printer",
        "type": "github"
      }
    },
    "satysfi-derive": {
      "flake": false,
      "locked": {
        "lastModified": 1609581687,
        "narHash": "sha256-E2Is9WDO/psnWEL1Nt43QkkSPZOL3uT0Xm54y1jZgfM=",
        "owner": "yabaitechtokyo",
        "repo": "satysfi-derive",
        "rev": "ea6bad8093128b1117feb8430a290d5439866166",
        "type": "github"
      },
      "original": {
        "owner": "yabaitechtokyo",
        "repo": "satysfi-derive",
        "type": "github"
      }
    },
    "satysfi-easytable": {
      "flake": false,
      "locked": {
        "lastModified": 1651278826,
        "narHash": "sha256-my6WLJrXeHSDfWrP4STAnr279kHNfLeKv5KIvbLc/s8=",
        "owner": "monaqa",
        "repo": "satysfi-easytable",
        "rev": "14e819ae44bc8ea01a2d297de2497086e9ced45d",
        "type": "github"
      },
      "original": {
        "owner": "monaqa",
        "repo": "satysfi-easytable",
        "type": "github"
      }
    },
    "satysfi-enumitem": {
      "flake": false,
      "locked": {
        "lastModified": 1637669402,
        "narHash": "sha256-daCBZg9ekY1/o+ey4hKjnrtlxrRYXKOb5huxf+0CsS0=",
        "owner": "monaqa",
        "repo": "satysfi-enumitem",
        "rev": "f2444a530aa2082d912d9ffdc45341639c9d3b54",
        "type": "github"
      },
      "original": {
        "owner": "monaqa",
        "repo": "satysfi-enumitem",
        "type": "github"
      }
    },
    "satysfi-figbox": {
      "flake": false,
      "locked": {
        "lastModified": 1650114119,
        "narHash": "sha256-2S0Mwh90QqxcMI/iG28VPS3xW39zJmibDQ3QeeDGUvc=",
        "owner": "monaqa",
        "repo": "satysfi-figbox",
        "rev": "b2fa8a47eaf8e54462d1838ec374ce505a4af706",
        "type": "github"
      },
      "original": {
        "owner": "monaqa",
        "repo": "satysfi-figbox",
        "type": "github"
      }
    },
    "satysfi-fonts-junicode": {
      "flake": false,
      "locked": {
        "lastModified": 1653109723,
        "narHash": "sha256-id4xQWsVpYjYxyVXQHhMMOWv0YqzvmJ+sYS2NrhTVi8=",
        "owner": "na4zagin3",
        "repo": "SATySFi-fonts-junicode",
        "rev": "331911ba9102d7cc489549a576a60e33affacc76",
        "type": "github"
      },
      "original": {
        "owner": "na4zagin3",
        "repo": "SATySFi-fonts-junicode",
        "type": "github"
      }
    },
    "satysfi-formatter": {
      "flake": false,
      "locked": {
        "lastModified": 1653366227,
        "narHash": "sha256-kuGJ61UzmDDaV7GfPIelk7GOO6HSYidcNX+wrO2fSW4=",
        "owner": "usagrada",
        "repo": "satysfi-formatter",
        "rev": "6d9518575b1a3655bd227be407cfd6092889aaf9",
        "type": "github"
      },
      "original": {
        "owner": "usagrada",
        "ref": "v0.1.1",
        "repo": "satysfi-formatter",
        "type": "github"
      }
    },
    "satysfi-fss": {
      "flake": false,
      "locked": {
        "lastModified": 1621524057,
        "narHash": "sha256-tS48saaPxIsqamNdHkiwkwGQ8bE5FbYRQqEJjRTqCQY=",
        "owner": "na4zagin3",
        "repo": "satysfi-fss",
        "rev": "1021e7c9e2a7319aac06f935c7bad897caadd178",
        "type": "github"
      },
      "original": {
        "owner": "na4zagin3",
        "repo": "satysfi-fss",
        "type": "github"
      }
    },
    "satysfi-language-server": {
      "flake": false,
      "locked": {
        "lastModified": 1650032658,
        "narHash": "sha256-SkMP33VOKMDgCuxWWZhsITUpwZo13NPDRO0nuHYIBN8=",
        "owner": "monaqa",
        "repo": "satysfi-language-server",
        "rev": "c48b59c248b5e4deb6dc9cd6a2a0df27af53bbce",
        "type": "github"
      },
      "original": {
        "owner": "monaqa",
        "repo": "satysfi-language-server",
        "type": "github"
      }
    },
    "satysfi-railway": {
      "flake": false,
      "locked": {
        "lastModified": 1622980701,
        "narHash": "sha256-DeMNMWeOLTUFXidi7sfDl5gsAdi+vBE5zJmTshjfieI=",
        "owner": "monaqa",
        "repo": "satysfi-railway",
        "rev": "cbefb0489993a8f1c695e3e50a6d0266841402c2",
        "type": "github"
      },
      "original": {
        "owner": "monaqa",
        "repo": "satysfi-railway",
        "type": "github"
      }
    },
    "satysfi-ruby": {
      "flake": false,
      "locked": {
        "lastModified": 1601469764,
        "narHash": "sha256-GEOXhem78zZqtjx4I1iXNtiA+wy6AgU6Y1rJZZ3hLEA=",
        "owner": "puripuri2100",
        "repo": "SATySFi-ruby",
        "rev": "3f90a25d7c5ee66839fcae3a7d128fb826fee962",
        "type": "github"
      },
      "original": {
        "owner": "puripuri2100",
        "repo": "SATySFi-ruby",
        "type": "github"
      }
    },
    "satysfi-tools": {
      "inputs": {
        "devshell": "devshell_2",
        "flake-compat": "flake-compat_2",
        "flake-utils": "flake-utils_4",
        "nixpkgs": "nixpkgs_4",
        "satysfi-formatter": "satysfi-formatter",
        "satysfi-language-server": "satysfi-language-server"
      },
      "locked": {
        "lastModified": 1655148557,
        "narHash": "sha256-4cWqanKDpud5AeHILxVJ9zalYdtQFQ8h2nFEDn9xoac=",
        "owner": "SnO2WMaN",
        "repo": "satysfi-tools-nix",
        "rev": "a06c01517d9e9bc43ff5112b23064c8f9117660f",
        "type": "github"
      },
      "original": {
        "owner": "SnO2WMaN",
        "repo": "satysfi-tools-nix",
        "type": "github"
      }
    },
    "satysfi-uline": {
      "flake": false,
      "locked": {
        "lastModified": 1612656852,
        "narHash": "sha256-94lChvMIkuIFHJgPoMbQCkivIGwz5EieCOKpcTaKThc=",
        "owner": "puripuri2100",
        "repo": "SATySFi-uline",
        "rev": "a5de5851100d02d2533d7744cdd529f43e0302a9",
        "type": "github"
      },
      "original": {
        "owner": "puripuri2100",
        "repo": "SATySFi-uline",
        "type": "github"
      }
    }
  },
  "root": "root",
  "version": 7
}
